{
  "version": "3",
  "redirects": {
    "https://lib.deno.dev/std@0.208/assert/mod.ts": "https://deno.land/std@0.208.0/assert/mod.ts",
    "https://lib.deno.dev/std@0.208/fs/walk.ts": "https://deno.land/std@0.208.0/fs/walk.ts",
    "https://lib.deno.dev/std@0.208/path/glob.ts": "https://deno.land/std@0.208.0/path/glob.ts",
    "https://lib.deno.dev/x/outdent@v0.8/mod.ts": "https://deno.land/x/outdent@v0.8.0/mod.ts"
  },
  "remote": {
    "https://deno.land/std@0.140.0/_util/assert.ts": "e94f2eb37cebd7f199952e242c77654e43333c1ac4c5c700e929ea3aa5489f74",
    "https://deno.land/std@0.140.0/_util/os.ts": "3b4c6e27febd119d36a416d7a97bd3b0251b77c88942c8f16ee5953ea13e2e49",
    "https://deno.land/std@0.140.0/bytes/bytes_list.ts": "67eb118e0b7891d2f389dad4add35856f4ad5faab46318ff99653456c23b025d",
    "https://deno.land/std@0.140.0/bytes/equals.ts": "fc16dff2090cced02497f16483de123dfa91e591029f985029193dfaa9d894c9",
    "https://deno.land/std@0.140.0/bytes/mod.ts": "763f97d33051cc3f28af1a688dfe2830841192a9fea0cbaa55f927b49d49d0bf",
    "https://deno.land/std@0.140.0/fmt/colors.ts": "30455035d6d728394781c10755351742dd731e3db6771b1843f9b9e490104d37",
    "https://deno.land/std@0.140.0/fs/_util.ts": "0fb24eb4bfebc2c194fb1afdb42b9c3dda12e368f43e8f2321f84fc77d42cb0f",
    "https://deno.land/std@0.140.0/fs/ensure_dir.ts": "9dc109c27df4098b9fc12d949612ae5c9c7169507660dcf9ad90631833209d9d",
    "https://deno.land/std@0.140.0/io/buffer.ts": "bd0c4bf53db4b4be916ca5963e454bddfd3fcd45039041ea161dbf826817822b",
    "https://deno.land/std@0.140.0/path/_constants.ts": "df1db3ffa6dd6d1252cc9617e5d72165cd2483df90e93833e13580687b6083c3",
    "https://deno.land/std@0.140.0/path/_interface.ts": "ee3b431a336b80cf445441109d089b70d87d5e248f4f90ff906820889ecf8d09",
    "https://deno.land/std@0.140.0/path/_util.ts": "c1e9686d0164e29f7d880b2158971d805b6e0efc3110d0b3e24e4b8af2190d2b",
    "https://deno.land/std@0.140.0/path/common.ts": "bee563630abd2d97f99d83c96c2fa0cca7cee103e8cb4e7699ec4d5db7bd2633",
    "https://deno.land/std@0.140.0/path/glob.ts": "cb5255638de1048973c3e69e420c77dc04f75755524cb3b2e160fe9277d939ee",
    "https://deno.land/std@0.140.0/path/mod.ts": "d3e68d0abb393fb0bf94a6d07c46ec31dc755b544b13144dee931d8d5f06a52d",
    "https://deno.land/std@0.140.0/path/posix.ts": "293cdaec3ecccec0a9cc2b534302dfe308adb6f10861fa183275d6695faace44",
    "https://deno.land/std@0.140.0/path/separator.ts": "fe1816cb765a8068afb3e8f13ad272351c85cbc739af56dacfc7d93d710fe0f9",
    "https://deno.land/std@0.140.0/path/win32.ts": "31811536855e19ba37a999cd8d1b62078235548d67902ece4aa6b814596dd757",
    "https://deno.land/std@0.140.0/streams/conversion.ts": "712585bfa0172a97fb68dd46e784ae8ad59d11b88079d6a4ab098ff42e697d21",
    "https://deno.land/std@0.181.0/_util/asserts.ts": "178dfc49a464aee693a7e285567b3d0b555dc805ff490505a8aae34f9cfb1462",
    "https://deno.land/std@0.181.0/_util/os.ts": "d932f56d41e4f6a6093d56044e29ce637f8dcc43c5a90af43504a889cf1775e3",
    "https://deno.land/std@0.181.0/fmt/colors.ts": "d67e3cd9f472535241a8e410d33423980bec45047e343577554d3356e1f0ef4e",
    "https://deno.land/std@0.181.0/fs/_util.ts": "65381f341af1ff7f40198cee15c20f59951ac26e51ddc651c5293e24f9ce6f32",
    "https://deno.land/std@0.181.0/fs/empty_dir.ts": "c3d2da4c7352fab1cf144a1ecfef58090769e8af633678e0f3fabaef98594688",
    "https://deno.land/std@0.181.0/fs/ensure_dir.ts": "dc64c4c75c64721d4e3fb681f1382f803ff3d2868f08563ff923fdd20d071c40",
    "https://deno.land/std@0.181.0/fs/expand_glob.ts": "e4f56259a0a70fe23f05215b00de3ac5e6ba46646ab2a06ebbe9b010f81c972a",
    "https://deno.land/std@0.181.0/fs/walk.ts": "ea95ffa6500c1eda6b365be488c056edc7c883a1db41ef46ec3bf057b1c0fe32",
    "https://deno.land/std@0.181.0/path/_constants.ts": "e49961f6f4f48039c0dfed3c3f93e963ca3d92791c9d478ac5b43183413136e0",
    "https://deno.land/std@0.181.0/path/_interface.ts": "6471159dfbbc357e03882c2266d21ef9afdb1e4aa771b0545e90db58a0ba314b",
    "https://deno.land/std@0.181.0/path/_util.ts": "d7abb1e0dea065f427b89156e28cdeb32b045870acdf865833ba808a73b576d0",
    "https://deno.land/std@0.181.0/path/common.ts": "ee7505ab01fd22de3963b64e46cff31f40de34f9f8de1fff6a1bd2fe79380000",
    "https://deno.land/std@0.181.0/path/glob.ts": "d479e0a695621c94d3fd7fe7abd4f9499caf32a8de13f25073451c6ef420a4e1",
    "https://deno.land/std@0.181.0/path/mod.ts": "bf718f19a4fdd545aee1b06409ca0805bd1b68ecf876605ce632e932fe54510c",
    "https://deno.land/std@0.181.0/path/posix.ts": "8b7c67ac338714b30c816079303d0285dd24af6b284f7ad63da5b27372a2c94d",
    "https://deno.land/std@0.181.0/path/separator.ts": "0fb679739d0d1d7bf45b68dacfb4ec7563597a902edbaf3c59b50d5bcadd93b1",
    "https://deno.land/std@0.181.0/path/win32.ts": "d186344e5583bcbf8b18af416d13d82b35a317116e6460a5a3953508c3de5bba",
    "https://deno.land/std@0.208.0/assert/_constants.ts": "8a9da298c26750b28b326b297316cdde860bc237533b07e1337c021379e6b2a9",
    "https://deno.land/std@0.208.0/assert/_diff.ts": "58e1461cc61d8eb1eacbf2a010932bf6a05b79344b02ca38095f9b805795dc48",
    "https://deno.land/std@0.208.0/assert/_format.ts": "a69126e8a469009adf4cf2a50af889aca364c349797e63174884a52ff75cf4c7",
    "https://deno.land/std@0.208.0/assert/assert.ts": "9a97dad6d98c238938e7540736b826440ad8c1c1e54430ca4c4e623e585607ee",
    "https://deno.land/std@0.208.0/assert/assert_almost_equals.ts": "e15ca1f34d0d5e0afae63b3f5d975cbd18335a132e42b0c747d282f62ad2cd6c",
    "https://deno.land/std@0.208.0/assert/assert_array_includes.ts": "6856d7f2c3544bc6e62fb4646dfefa3d1df5ff14744d1bca19f0cbaf3b0d66c9",
    "https://deno.land/std@0.208.0/assert/assert_equals.ts": "d8ec8a22447fbaf2fc9d7c3ed2e66790fdb74beae3e482855d75782218d68227",
    "https://deno.land/std@0.208.0/assert/assert_exists.ts": "407cb6b9fb23a835cd8d5ad804e2e2edbbbf3870e322d53f79e1c7a512e2efd7",
    "https://deno.land/std@0.208.0/assert/assert_false.ts": "0ccbcaae910f52c857192ff16ea08bda40fdc79de80846c206bfc061e8c851c6",
    "https://deno.land/std@0.208.0/assert/assert_greater.ts": "ae2158a2d19313bf675bf7251d31c6dc52973edb12ac64ac8fc7064152af3e63",
    "https://deno.land/std@0.208.0/assert/assert_greater_or_equal.ts": "1439da5ebbe20855446cac50097ac78b9742abe8e9a43e7de1ce1426d556e89c",
    "https://deno.land/std@0.208.0/assert/assert_instance_of.ts": "3aedb3d8186e120812d2b3a5dea66a6e42bf8c57a8bd927645770bd21eea554c",
    "https://deno.land/std@0.208.0/assert/assert_is_error.ts": "c21113094a51a296ffaf036767d616a78a2ae5f9f7bbd464cd0197476498b94b",
    "https://deno.land/std@0.208.0/assert/assert_less.ts": "aec695db57db42ec3e2b62e97e1e93db0063f5a6ec133326cc290ff4b71b47e4",
    "https://deno.land/std@0.208.0/assert/assert_less_or_equal.ts": "5fa8b6a3ffa20fd0a05032fe7257bf985d207b85685fdbcd23651b70f928c848",
    "https://deno.land/std@0.208.0/assert/assert_match.ts": "c4083f80600bc190309903c95e397a7c9257ff8b5ae5c7ef91e834704e672e9b",
    "https://deno.land/std@0.208.0/assert/assert_not_equals.ts": "9f1acab95bd1f5fc9a1b17b8027d894509a745d91bac1718fdab51dc76831754",
    "https://deno.land/std@0.208.0/assert/assert_not_instance_of.ts": "0c14d3dfd9ab7a5276ed8ed0b18c703d79a3d106102077ec437bfe7ed912bd22",
    "https://deno.land/std@0.208.0/assert/assert_not_match.ts": "3796a5b0c57a1ce6c1c57883dd4286be13a26f715ea662318ab43a8491a13ab0",
    "https://deno.land/std@0.208.0/assert/assert_not_strict_equals.ts": "4cdef83df17488df555c8aac1f7f5ec2b84ad161b6d0645ccdbcc17654e80c99",
    "https://deno.land/std@0.208.0/assert/assert_object_match.ts": "d8fc2867cfd92eeacf9cea621e10336b666de1874a6767b5ec48988838370b54",
    "https://deno.land/std@0.208.0/assert/assert_rejects.ts": "45c59724de2701e3b1f67c391d6c71c392363635aad3f68a1b3408f9efca0057",
    "https://deno.land/std@0.208.0/assert/assert_strict_equals.ts": "b1f538a7ea5f8348aeca261d4f9ca603127c665e0f2bbfeb91fa272787c87265",
    "https://deno.land/std@0.208.0/assert/assert_string_includes.ts": "b821d39ebf5cb0200a348863c86d8c4c4b398e02012ce74ad15666fc4b631b0c",
    "https://deno.land/std@0.208.0/assert/assert_throws.ts": "63784e951475cb7bdfd59878cd25a0931e18f6dc32a6077c454b2cd94f4f4bcd",
    "https://deno.land/std@0.208.0/assert/assertion_error.ts": "4d0bde9b374dfbcbe8ac23f54f567b77024fb67dbb1906a852d67fe050d42f56",
    "https://deno.land/std@0.208.0/assert/equal.ts": "9f1a46d5993966d2596c44e5858eec821859b45f783a5ee2f7a695dfc12d8ece",
    "https://deno.land/std@0.208.0/assert/fail.ts": "c36353d7ae6e1f7933d45f8ea51e358c8c4b67d7e7502028598fe1fea062e278",
    "https://deno.land/std@0.208.0/assert/mod.ts": "37c49a26aae2b254bbe25723434dc28cd7532e444cf0b481a97c045d110ec085",
    "https://deno.land/std@0.208.0/assert/unimplemented.ts": "d56fbeecb1f108331a380f72e3e010a1f161baa6956fd0f7cf3e095ae1a4c75a",
    "https://deno.land/std@0.208.0/assert/unreachable.ts": "4600dc0baf7d9c15a7f7d234f00c23bca8f3eba8b140286aaca7aa998cf9a536",
    "https://deno.land/std@0.208.0/fmt/colors.ts": "34b3f77432925eb72cf0bfb351616949746768620b8e5ead66da532f93d10ba2",
    "https://deno.land/std@0.208.0/fs/_util.ts": "fbf57dcdc9f7bc8128d60301eece608246971a7836a3bb1e78da75314f08b978",
    "https://deno.land/std@0.208.0/fs/walk.ts": "c1e6b43f72a46e89b630140308bd51a4795d416a416b4cfb7cd4bd1e25946723",
    "https://deno.land/std@0.208.0/path/_common/assert_path.ts": "061e4d093d4ba5aebceb2c4da3318bfe3289e868570e9d3a8e327d91c2958946",
    "https://deno.land/std@0.208.0/path/_common/basename.ts": "0d978ff818f339cd3b1d09dc914881f4d15617432ae519c1b8fdc09ff8d3789a",
    "https://deno.land/std@0.208.0/path/_common/common.ts": "9e4233b2eeb50f8b2ae10ecc2108f58583aea6fd3e8907827020282dc2b76143",
    "https://deno.land/std@0.208.0/path/_common/constants.ts": "e49961f6f4f48039c0dfed3c3f93e963ca3d92791c9d478ac5b43183413136e0",
    "https://deno.land/std@0.208.0/path/_common/dirname.ts": "2ba7fb4cc9fafb0f38028f434179579ce61d4d9e51296fad22b701c3d3cd7397",
    "https://deno.land/std@0.208.0/path/_common/format.ts": "11aa62e316dfbf22c126917f5e03ea5fe2ee707386555a8f513d27ad5756cf96",
    "https://deno.land/std@0.208.0/path/_common/from_file_url.ts": "ef1bf3197d2efbf0297a2bdbf3a61d804b18f2bcce45548ae112313ec5be3c22",
    "https://deno.land/std@0.208.0/path/_common/glob_to_reg_exp.ts": "5c3c2b79fc2294ec803d102bd9855c451c150021f452046312819fbb6d4dc156",
    "https://deno.land/std@0.208.0/path/_common/normalize.ts": "2ba7fb4cc9fafb0f38028f434179579ce61d4d9e51296fad22b701c3d3cd7397",
    "https://deno.land/std@0.208.0/path/_common/normalize_string.ts": "88c472f28ae49525f9fe82de8c8816d93442d46a30d6bb5063b07ff8a89ff589",
    "https://deno.land/std@0.208.0/path/_common/relative.ts": "1af19d787a2a84b8c534cc487424fe101f614982ae4851382c978ab2216186b4",
    "https://deno.land/std@0.208.0/path/_common/strip_trailing_separators.ts": "7ffc7c287e97bdeeee31b155828686967f222cd73f9e5780bfe7dfb1b58c6c65",
    "https://deno.land/std@0.208.0/path/_common/to_file_url.ts": "a8cdd1633bc9175b7eebd3613266d7c0b6ae0fb0cff24120b6092ac31662f9ae",
    "https://deno.land/std@0.208.0/path/_interface.ts": "6471159dfbbc357e03882c2266d21ef9afdb1e4aa771b0545e90db58a0ba314b",
    "https://deno.land/std@0.208.0/path/_os.ts": "30b0c2875f360c9296dbe6b7f2d528f0f9c741cecad2e97f803f5219e91b40a2",
    "https://deno.land/std@0.208.0/path/basename.ts": "04bb5ef3e86bba8a35603b8f3b69537112cdd19ce64b77f2522006da2977a5f3",
    "https://deno.land/std@0.208.0/path/common.ts": "f4d061c7d0b95a65c2a1a52439edec393e906b40f1caf4604c389fae7caa80f5",
    "https://deno.land/std@0.208.0/path/dirname.ts": "88a0a71c21debafc4da7a4cd44fd32e899462df458fbca152390887d41c40361",
    "https://deno.land/std@0.208.0/path/extname.ts": "2da4e2490f3b48b7121d19fb4c91681a5e11bd6bd99df4f6f47d7a71bb6ecdf2",
    "https://deno.land/std@0.208.0/path/format.ts": "3457530cc85d1b4bab175f9ae73998b34fd456c830d01883169af0681b8894fb",
    "https://deno.land/std@0.208.0/path/from_file_url.ts": "e7fa233ea1dff9641e8d566153a24d95010110185a6f418dd2e32320926043f8",
    "https://deno.land/std@0.208.0/path/glob.ts": "a00a81a55c02bbe074ab21a50b6495c6f7795f54cd718c824adaa92c6c9b7419",
    "https://deno.land/std@0.208.0/path/glob_to_regexp.ts": "74d7448c471e293d03f05ccb968df4365fed6aaa508506b6325a8efdc01d8271",
    "https://deno.land/std@0.208.0/path/is_absolute.ts": "67232b41b860571c5b7537f4954c88d86ae2ba45e883ee37d3dec27b74909d13",
    "https://deno.land/std@0.208.0/path/is_glob.ts": "567dce5c6656bdedfc6b3ee6c0833e1e4db2b8dff6e62148e94a917f289c06ad",
    "https://deno.land/std@0.208.0/path/join.ts": "98d3d76c819af4a11a81d5ba2dbb319f1ce9d63fc2b615597d4bcfddd4a89a09",
    "https://deno.land/std@0.208.0/path/join_globs.ts": "9b84d5103b63d3dbed4b2cf8b12477b2ad415c7d343f1488505162dc0e5f4db8",
    "https://deno.land/std@0.208.0/path/mod.ts": "3defabebc98279e62b392fee7a6937adc932a8f4dcd2471441e36c15b97b00e0",
    "https://deno.land/std@0.208.0/path/normalize.ts": "aa95be9a92c7bd4f9dc0ba51e942a1973e2b93d266cd74f5ca751c136d520b66",
    "https://deno.land/std@0.208.0/path/normalize_glob.ts": "674baa82e1c00b6cb153bbca36e06f8e0337cb8062db6d905ab5de16076ca46b",
    "https://deno.land/std@0.208.0/path/parse.ts": "d87ff0deef3fb495bc0d862278ff96da5a06acf0625ca27769fc52ac0d3d6ece",
    "https://deno.land/std@0.208.0/path/posix/_util.ts": "ecf49560fedd7dd376c6156cc5565cad97c1abe9824f4417adebc7acc36c93e5",
    "https://deno.land/std@0.208.0/path/posix/basename.ts": "a630aeb8fd8e27356b1823b9dedd505e30085015407caa3396332752f6b8406a",
    "https://deno.land/std@0.208.0/path/posix/common.ts": "e781d395dc76f6282e3f7dd8de13194abb8b04a82d109593141abc6e95755c8b",
    "https://deno.land/std@0.208.0/path/posix/dirname.ts": "f48c9c42cc670803b505478b7ef162c7cfa9d8e751b59d278b2ec59470531472",
    "https://deno.land/std@0.208.0/path/posix/extname.ts": "ee7f6571a9c0a37f9218fbf510c440d1685a7c13082c348d701396cc795e0be0",
    "https://deno.land/std@0.208.0/path/posix/format.ts": "b94876f77e61bfe1f147d5ccb46a920636cd3cef8be43df330f0052b03875968",
    "https://deno.land/std@0.208.0/path/posix/from_file_url.ts": "b97287a83e6407ac27bdf3ab621db3fccbf1c27df0a1b1f20e1e1b5acf38a379",
    "https://deno.land/std@0.208.0/path/posix/glob_to_regexp.ts": "6ed00c71fbfe0ccc35977c35444f94e82200b721905a60bd1278b1b768d68b1a",
    "https://deno.land/std@0.208.0/path/posix/is_absolute.ts": "159900a3422d11069d48395568217eb7fc105ceda2683d03d9b7c0f0769e01b8",
    "https://deno.land/std@0.208.0/path/posix/is_glob.ts": "ec4fbc604b9db8487f7b56ab0e759b24a971ab6a45f7b0b698bc39b8b9f9680f",
    "https://deno.land/std@0.208.0/path/posix/join.ts": "0c0d84bdc344876930126640011ec1b888e6facf74153ffad9ef26813aa2a076",
    "https://deno.land/std@0.208.0/path/posix/join_globs.ts": "f4838d54b1f60a34a40625a3293f6e583135348be1b2974341ac04743cb26121",
    "https://deno.land/std@0.208.0/path/posix/mod.ts": "f1b08a7f64294b7de87fc37190d63b6ce5b02889af9290c9703afe01951360ae",
    "https://deno.land/std@0.208.0/path/posix/normalize.ts": "11de90a94ab7148cc46e5a288f7d732aade1d616bc8c862f5560fa18ff987b4b",
    "https://deno.land/std@0.208.0/path/posix/normalize_glob.ts": "10a1840c628ebbab679254d5fa1c20e59106102354fb648a1765aed72eb9f3f9",
    "https://deno.land/std@0.208.0/path/posix/parse.ts": "199208f373dd93a792e9c585352bfc73a6293411bed6da6d3bc4f4ef90b04c8e",
    "https://deno.land/std@0.208.0/path/posix/relative.ts": "e2f230608b0f083e6deaa06e063943e5accb3320c28aef8d87528fbb7fe6504c",
    "https://deno.land/std@0.208.0/path/posix/resolve.ts": "51579d83159d5c719518c9ae50812a63959bbcb7561d79acbdb2c3682236e285",
    "https://deno.land/std@0.208.0/path/posix/separator.ts": "0b6573b5f3269a3164d8edc9cefc33a02dd51003731c561008c8bb60220ebac1",
    "https://deno.land/std@0.208.0/path/posix/to_file_url.ts": "08d43ea839ee75e9b8b1538376cfe95911070a655cd312bc9a00f88ef14967b6",
    "https://deno.land/std@0.208.0/path/posix/to_namespaced_path.ts": "c9228a0e74fd37e76622cd7b142b8416663a9b87db643302fa0926b5a5c83bdc",
    "https://deno.land/std@0.208.0/path/relative.ts": "23d45ede8b7ac464a8299663a43488aad6b561414e7cbbe4790775590db6349c",
    "https://deno.land/std@0.208.0/path/resolve.ts": "5b184efc87155a0af9fa305ff68a109e28de9aee81fc3e77cd01380f19daf867",
    "https://deno.land/std@0.208.0/path/separator.ts": "40a3e9a4ad10bef23bc2cd6c610291b6c502a06237c2c4cd034a15ca78dedc1f",
    "https://deno.land/std@0.208.0/path/to_file_url.ts": "edaafa089e0bce386e1b2d47afe7c72e379ff93b28a5829a5885e4b6c626d864",
    "https://deno.land/std@0.208.0/path/to_namespaced_path.ts": "cf8734848aac3c7527d1689d2adf82132b1618eff3cc523a775068847416b22a",
    "https://deno.land/std@0.208.0/path/windows/_util.ts": "f32b9444554c8863b9b4814025c700492a2b57ff2369d015360970a1b1099d54",
    "https://deno.land/std@0.208.0/path/windows/basename.ts": "8a9dbf7353d50afbc5b221af36c02a72c2d1b2b5b9f7c65bf6a5a2a0baf88ad3",
    "https://deno.land/std@0.208.0/path/windows/common.ts": "e781d395dc76f6282e3f7dd8de13194abb8b04a82d109593141abc6e95755c8b",
    "https://deno.land/std@0.208.0/path/windows/dirname.ts": "5c2aa541384bf0bd9aca821275d2a8690e8238fa846198ef5c7515ce31a01a94",
    "https://deno.land/std@0.208.0/path/windows/extname.ts": "07f4fa1b40d06a827446b3e3bcc8d619c5546b079b8ed0c77040bbef716c7614",
    "https://deno.land/std@0.208.0/path/windows/format.ts": "343019130d78f172a5c49fdc7e64686a7faf41553268961e7b6c92a6d6548edf",
    "https://deno.land/std@0.208.0/path/windows/from_file_url.ts": "d53335c12b0725893d768be3ac6bf0112cc5b639d2deb0171b35988493b46199",
    "https://deno.land/std@0.208.0/path/windows/glob_to_regexp.ts": "290755e18ec6c1a4f4d711c3390537358e8e3179581e66261a0cf348b1a13395",
    "https://deno.land/std@0.208.0/path/windows/is_absolute.ts": "245b56b5f355ede8664bd7f080c910a97e2169972d23075554ae14d73722c53c",
    "https://deno.land/std@0.208.0/path/windows/is_glob.ts": "ec4fbc604b9db8487f7b56ab0e759b24a971ab6a45f7b0b698bc39b8b9f9680f",
    "https://deno.land/std@0.208.0/path/windows/join.ts": "e6600bf88edeeef4e2276e155b8de1d5dec0435fd526ba2dc4d37986b2882f16",
    "https://deno.land/std@0.208.0/path/windows/join_globs.ts": "f4838d54b1f60a34a40625a3293f6e583135348be1b2974341ac04743cb26121",
    "https://deno.land/std@0.208.0/path/windows/mod.ts": "d7040f461465c2c21c1c68fc988ef0bdddd499912138cde3abf6ad60c7fb3814",
    "https://deno.land/std@0.208.0/path/windows/normalize.ts": "9deebbf40c81ef540b7b945d4ccd7a6a2c5a5992f791e6d3377043031e164e69",
    "https://deno.land/std@0.208.0/path/windows/normalize_glob.ts": "344ff5ed45430495b9a3d695567291e50e00b1b3b04ea56712a2acf07ab5c128",
    "https://deno.land/std@0.208.0/path/windows/parse.ts": "120faf778fe1f22056f33ded069b68e12447668fcfa19540c0129561428d3ae5",
    "https://deno.land/std@0.208.0/path/windows/relative.ts": "026855cd2c36c8f28f1df3c6fbd8f2449a2aa21f48797a74700c5d872b86d649",
    "https://deno.land/std@0.208.0/path/windows/resolve.ts": "5ff441ab18a2346abadf778121128ee71bda4d0898513d4639a6ca04edca366b",
    "https://deno.land/std@0.208.0/path/windows/separator.ts": "ae21f27015f10510ed1ac4a0ba9c4c9c967cbdd9d9e776a3e4967553c397bd5d",
    "https://deno.land/std@0.208.0/path/windows/to_file_url.ts": "8e9ea9e1ff364aa06fa72999204229952d0a279dbb876b7b838b2b2fea55cce3",
    "https://deno.land/std@0.208.0/path/windows/to_namespaced_path.ts": "e0f4d4a5e77f28a5708c1a33ff24360f35637ba6d8f103d19661255ef7bfd50d",
    "https://deno.land/x/code_block_writer@12.0.0/mod.ts": "2c3448060e47c9d08604c8f40dee34343f553f33edcdfebbf648442be33205e5",
    "https://deno.land/x/code_block_writer@12.0.0/utils/string_utils.ts": "60cb4ec8bd335bf241ef785ccec51e809d576ff8e8d29da43d2273b69ce2a6ff",
    "https://deno.land/x/deno_cache@0.6.2/auth_tokens.ts": "5d1d56474c54a9d152e44d43ea17c2e6a398dd1e9682c69811a313567c01ee1e",
    "https://deno.land/x/deno_cache@0.6.2/cache.ts": "58b53c128b742757efcad10af9a3871f23b4e200674cb5b0ddf61164fb9b2fe7",
    "https://deno.land/x/deno_cache@0.6.2/deno_dir.ts": "1ea355b8ba11c630d076b222b197cfc937dd81e5a4a260938997da99e8ff93a0",
    "https://deno.land/x/deno_cache@0.6.2/deps.ts": "12cca94516cf2d3ed42fccd4b721ecd8060679253f077d83057511045b0081aa",
    "https://deno.land/x/deno_cache@0.6.2/dirs.ts": "009c6f54e0b610914d6ce9f72f6f6ccfffd2d47a79a19061e0a9eb4253836069",
    "https://deno.land/x/deno_cache@0.6.2/disk_cache.ts": "66a1e604a8d564b6dd0500326cac33d08b561d331036bf7272def80f2f7952aa",
    "https://deno.land/x/deno_cache@0.6.2/file_fetcher.ts": "4f3e4a2c78a5ca1e4812099e5083f815a8525ab20d389b560b3517f6b1161dd6",
    "https://deno.land/x/deno_cache@0.6.2/http_cache.ts": "407135eaf2802809ed373c230d57da7ef8dff923c4abf205410b9b99886491fd",
    "https://deno.land/x/deno_cache@0.6.2/lib/deno_cache_dir.generated.js": "59f8defac32e8ebf2a30f7bc77e9d88f0e60098463fb1b75e00b9791a4bbd733",
    "https://deno.land/x/deno_cache@0.6.2/lib/snippets/deno_cache_dir-a2aecaa9536c9402/fs.js": "cbe3a976ed63c72c7cb34ef845c27013033a3b11f9d8d3e2c4aa5dda2c0c7af6",
    "https://deno.land/x/deno_cache@0.6.2/mod.ts": "b4004287e1c6123d7f07fe9b5b3e94ce6d990c4102949a89c527c68b19627867",
    "https://deno.land/x/deno_cache@0.6.2/util.ts": "f3f5a0cfc60051f09162942fb0ee87a0e27b11a12aec4c22076e3006be4cc1e2",
    "https://deno.land/x/dir@1.5.1/data_local_dir/mod.ts": "91eb1c4bfadfbeda30171007bac6d85aadacd43224a5ed721bbe56bc64e9eb66",
    "https://deno.land/x/dnt@0.39.0/lib/compiler.ts": "7f4447531581896348b8a379ab94730856b42ae50d99043f2468328360293cb1",
    "https://deno.land/x/dnt@0.39.0/lib/compiler_transforms.ts": "f21aba052f5dcf0b0595c734450842855c7f572e96165d3d34f8fed2fc1f7ba1",
    "https://deno.land/x/dnt@0.39.0/lib/mod.deps.ts": "8d6123c8e1162037e58aa8126686a03d1e2cffb250a8757bf715f80242097597",
    "https://deno.land/x/dnt@0.39.0/lib/npm_ignore.ts": "57fbb7e7b935417d225eec586c6aa240288905eb095847d3f6a88e290209df4e",
    "https://deno.land/x/dnt@0.39.0/lib/package_json.ts": "607b0a4f44acad071a4c8533b312a27d6671eac8e6a23625c8350ce29eadb2ba",
    "https://deno.land/x/dnt@0.39.0/lib/pkg/dnt_wasm.generated.js": "4f9c59b3ca6c875adabb10df256e273fff1129fca3a1557eb8936bddd7da7b18",
    "https://deno.land/x/dnt@0.39.0/lib/pkg/snippets/dnt-wasm-a15ef721fa5290c5/helpers.js": "aba69a019a6da6f084898a6c7b903b8b583bc0dbd82bfb338449cf0b5bce58fd",
    "https://deno.land/x/dnt@0.39.0/lib/shims.ts": "60fd285ad433c6944544595e7b885eab3eab09253252891380654f4cd3addaaa",
    "https://deno.land/x/dnt@0.39.0/lib/test_runner/get_test_runner_code.ts": "4dc7a73a13b027341c0688df2b29a4ef102f287c126f134c33f69f0339b46968",
    "https://deno.land/x/dnt@0.39.0/lib/test_runner/test_runner.ts": "4d0da0500ec427d5f390d9a8d42fb882fbeccc92c92d66b6f2e758606dbd40e6",
    "https://deno.land/x/dnt@0.39.0/lib/transform.deps.ts": "2e159661e1c5c650de9a573babe0e319349fe493105157307ec2ad2f6a52c94e",
    "https://deno.land/x/dnt@0.39.0/lib/types.ts": "b8e228b2fac44c2ae902fbb73b1689f6ab889915bd66486c8a85c0c24255f5fb",
    "https://deno.land/x/dnt@0.39.0/lib/utils.ts": "224f15f33e7226a2fd991e438d0291d7ed8c7889807efa2e1ecb67d2d1db6720",
    "https://deno.land/x/dnt@0.39.0/mod.ts": "9df36a862161d9eb376472b699f6cb08ba0ad1704e0826fbe13be766bd3c01da",
    "https://deno.land/x/dnt@0.39.0/transform.ts": "f68743a14cf9bf53bfc9c81073871d69d447a7f9e3453e0447ca2fb78926bb1d",
    "https://deno.land/x/outdent@v0.8.0/mod.ts": "72630e680dcc36d5ae556fbff6900b12706c81a6fd592345fc98bcc0878fb3ca",
    "https://deno.land/x/outdent@v0.8.0/src/index.ts": "6dc3df4108d5d6fedcdb974844d321037ca81eaaa16be6073235ff3268841a22",
    "https://deno.land/x/ts_morph@20.0.0/bootstrap/mod.ts": "b53aad517f106c4079971fcd4a81ab79fadc40b50061a3ab2b741a09119d51e9",
    "https://deno.land/x/ts_morph@20.0.0/bootstrap/ts_morph_bootstrap.js": "6645ac03c5e6687dfa8c78109dc5df0250b811ecb3aea2d97c504c35e8401c06",
    "https://deno.land/x/ts_morph@20.0.0/common/DenoRuntime.ts": "6a7180f0c6e90dcf23ccffc86aa8271c20b1c4f34c570588d08a45880b7e172d",
    "https://deno.land/x/ts_morph@20.0.0/common/mod.ts": "01985d2ee7da8d1caee318a9d07664774fbee4e31602bc2bb6bb62c3489555ed",
    "https://deno.land/x/ts_morph@20.0.0/common/ts_morph_common.js": "2325f94f61dc5f3f98a1dab366dc93048d11b1433d718b10cfc6ee5a1cfebe8f",
    "https://deno.land/x/ts_morph@20.0.0/common/typescript.js": "b9edf0a451685d13e0467a7ed4351d112b74bd1e256b915a2b941054e31c1736",
    "https://deno.land/x/wasmbuild@0.15.1/cache.ts": "9d01b5cb24e7f2a942bbd8d14b093751fa690a6cde8e21709ddc97667e6669ed",
    "https://deno.land/x/wasmbuild@0.15.1/loader.ts": "8c2fc10e21678e42f84c5135d8ab6ab7dc92424c3f05d2354896a29ccfd02a63"
  }
}