# THIS IS AN AUTOGENERATED FILE. DO NOT EDIT THIS FILE DIRECTLY.
# yarn lockfile v1


runtypes@^2.0.0:
  version "2.0.0"
  resolved "https://registry.yarnpkg.com/runtypes/-/runtypes-2.0.0.tgz#14677df2e82903ffd08e1f57dd1eb686e6c32ab3"

typescript@^2.6.2:
  version "2.6.2"
  resolved "https://registry.yarnpkg.com/typescript/-/typescript-2.6.2.tgz#3c5b6fd7f6de0914269027f03c0946758f7673a4"
